{
  "name": "npmversion",
  "version": "1.2.1",
  "dependencies": {
    "json5": {
      "version": "0.5.0",
      "from": "https://registry.npmjs.org/json5/-/json5-0.5.0.tgz",
      "resolved": "https://registry.npmjs.org/json5/-/json5-0.5.0.tgz"
    },
    "lodash": {
      "version": "4.6.1",
      "from": "lodash@latest",
      "resolved": "https://registry.npmjs.org/lodash/-/lodash-4.6.1.tgz"
    },
    "minimist": {
      "version": "1.2.0",
      "from": "https://registry.npmjs.org/minimist/-/minimist-1.2.0.tgz",
      "resolved": "https://registry.npmjs.org/minimist/-/minimist-1.2.0.tgz"
    },
    "rc": {
      "version": "1.1.6",
      "from": "rc@latest",
      "resolved": "https://registry.npmjs.org/rc/-/rc-1.1.6.tgz",
      "dependencies": {
        "deep-extend": {
          "version": "0.4.1",
          "from": "deep-extend@>=0.4.0 <0.5.0",
          "resolved": "https://registry.npmjs.org/deep-extend/-/deep-extend-0.4.1.tgz"
        },
        "ini": {
          "version": "1.3.4",
          "from": "ini@>=1.3.0 <1.4.0",
          "resolved": "https://registry.npmjs.org/ini/-/ini-1.3.4.tgz"
        },
        "strip-json-comments": {
          "version": "1.0.4",
          "from": "strip-json-comments@>=1.0.4 <1.1.0",
          "resolved": "https://registry.npmjs.org/strip-json-comments/-/strip-json-comments-1.0.4.tgz"
        }
      }
    },
    "semver": {
      "version": "5.1.0",
      "from": "https://registry.npmjs.org/semver/-/semver-5.1.0.tgz",
      "resolved": "https://registry.npmjs.org/semver/-/semver-5.1.0.tgz"
    }
  }
}
