{
  "name": "npmversion",
  "version": "1.0.1",
  "dependencies": {
    "json5": {
      "version": "0.5.0",
      "from": "https://registry.npmjs.org/json5/-/json5-0.5.0.tgz",
      "resolved": "https://registry.npmjs.org/json5/-/json5-0.5.0.tgz"
    },
    "minimist": {
      "version": "1.2.0",
      "from": "https://registry.npmjs.org/minimist/-/minimist-1.2.0.tgz",
      "resolved": "https://registry.npmjs.org/minimist/-/minimist-1.2.0.tgz"
    },
    "semver": {
      "version": "5.1.0",
      "from": "https://registry.npmjs.org/semver/-/semver-5.1.0.tgz",
      "resolved": "https://registry.npmjs.org/semver/-/semver-5.1.0.tgz"
    }
  }
}
